
Microsoft Visual Studio Solution File, Format Version 12.00
# Visual Studio Version 17
VisualStudioVersion = 17.13.35931.197 d17.13
MinimumVisualStudioVersion = 10.0.40219.1
Project("{FAE04EC0-301F-11D3-BF4B-00C04F79EFBC}") = "WpfApp10", "WpfApp10\WpfApp10.csproj", "{B08DB504-A9AD-41DF-9680-0688E5E4A747}"
EndProject
Global
	GlobalSection(SolutionConfigurationPlatforms) = preSolution
		Debug|Any CPU = Debug|Any CPU
		Release|Any CPU = Release|Any CPU
	EndGlobalSection
	GlobalSection(ProjectConfigurationPlatforms) = postSolution
		{B08DB504-A9AD-41DF-9680-0688E5E4A747}.Debug|Any CPU.ActiveCfg = Debug|Any CPU
		{B08DB504-A9AD-41DF-9680-0688E5E4A747}.Debug|Any CPU.Build.0 = Debug|Any CPU
		{B08DB504-A9AD-41DF-9680-0688E5E4A747}.Release|Any CPU.ActiveCfg = Release|Any CPU
		{B08DB504-A9AD-41DF-9680-0688E5E4A747}.Release|Any CPU.Build.0 = Release|Any CPU
	EndGlobalSection
	GlobalSection(SolutionProperties) = preSolution
		HideSolutionNode = FALSE
	EndGlobalSection
	GlobalSection(ExtensibilityGlobals) = postSolution
		SolutionGuid = {6A994173-8CDE-4479-B012-3695AB752B1E}
	EndGlobalSection
EndGlobal
